
Microsoft Visual Studio Solution File, Format Version 12.00
# Visual Studio Version 17
VisualStudioVersion = 17.14.36429.23
MinimumVisualStudioVersion = 10.0.40219.1
Project("{FAE04EC0-301F-11D3-BF4B-00C04F79EFBC}") = "Fomo.Api", "Fomo.Api\Fomo.Api.csproj", "{4B7638D9-6410-4F9F-8199-48C05AECE756}"
	ProjectSection(ProjectDependencies) = postProject
		{3D37E1A9-9658-4FD1-B5CA-BDD28F5F6C3F} = {3D37E1A9-9658-4FD1-B5CA-BDD28F5F6C3F}
	EndProjectSection
EndProject
Project("{FAE04EC0-301F-11D3-BF4B-00C04F79EFBC}") = "Fomo.Application", "Fomo.Application\Fomo.Application.csproj", "{E3C03C12-1DD1-4C38-975D-5803763896F3}"
EndProject
Project("{FAE04EC0-301F-11D3-BF4B-00C04F79EFBC}") = "Fomo.Domain", "Fomo.Domain\Fomo.Domain.csproj", "{698DB926-A6BF-4610-BEEF-DA671F4BD8DF}"
EndProject
Project("{FAE04EC0-301F-11D3-BF4B-00C04F79EFBC}") = "Fomo.Infrastructure", "Fomo.Infrastructure\Fomo.Infrastructure.csproj", "{3D37E1A9-9658-4FD1-B5CA-BDD28F5F6C3F}"
EndProject
Project("{FAE04EC0-301F-11D3-BF4B-00C04F79EFBC}") = "Fomo.Tests", "Fomo.Tests\Fomo.Tests.csproj", "{89182695-9C6E-4F12-8B16-2007D513002A}"
EndProject
Global
	GlobalSection(SolutionConfigurationPlatforms) = preSolution
		Debug|Any CPU = Debug|Any CPU
		Debug|x64 = Debug|x64
		Debug|x86 = Debug|x86
		Release|Any CPU = Release|Any CPU
		Release|x64 = Release|x64
		Release|x86 = Release|x86
	EndGlobalSection
	GlobalSection(ProjectConfigurationPlatforms) = postSolution
		{4B7638D9-6410-4F9F-8199-48C05AECE756}.Debug|Any CPU.ActiveCfg = Debug|Any CPU
		{4B7638D9-6410-4F9F-8199-48C05AECE756}.Debug|Any CPU.Build.0 = Debug|Any CPU
		{4B7638D9-6410-4F9F-8199-48C05AECE756}.Debug|x64.ActiveCfg = Debug|Any CPU
		{4B7638D9-6410-4F9F-8199-48C05AECE756}.Debug|x64.Build.0 = Debug|Any CPU
		{4B7638D9-6410-4F9F-8199-48C05AECE756}.Debug|x86.ActiveCfg = Debug|Any CPU
		{4B7638D9-6410-4F9F-8199-48C05AECE756}.Debug|x86.Build.0 = Debug|Any CPU
		{4B7638D9-6410-4F9F-8199-48C05AECE756}.Release|Any CPU.ActiveCfg = Release|Any CPU
		{4B7638D9-6410-4F9F-8199-48C05AECE756}.Release|Any CPU.Build.0 = Release|Any CPU
		{4B7638D9-6410-4F9F-8199-48C05AECE756}.Release|x64.ActiveCfg = Release|Any CPU
		{4B7638D9-6410-4F9F-8199-48C05AECE756}.Release|x64.Build.0 = Release|Any CPU
		{4B7638D9-6410-4F9F-8199-48C05AECE756}.Release|x86.ActiveCfg = Release|Any CPU
		{4B7638D9-6410-4F9F-8199-48C05AECE756}.Release|x86.Build.0 = Release|Any CPU
		{E3C03C12-1DD1-4C38-975D-5803763896F3}.Debug|Any CPU.ActiveCfg = Debug|Any CPU
		{E3C03C12-1DD1-4C38-975D-5803763896F3}.Debug|Any CPU.Build.0 = Debug|Any CPU
		{E3C03C12-1DD1-4C38-975D-5803763896F3}.Debug|x64.ActiveCfg = Debug|Any CPU
		{E3C03C12-1DD1-4C38-975D-5803763896F3}.Debug|x64.Build.0 = Debug|Any CPU
		{E3C03C12-1DD1-4C38-975D-5803763896F3}.Debug|x86.ActiveCfg = Debug|Any CPU
		{E3C03C12-1DD1-4C38-975D-5803763896F3}.Debug|x86.Build.0 = Debug|Any CPU
		{E3C03C12-1DD1-4C38-975D-5803763896F3}.Release|Any CPU.ActiveCfg = Release|Any CPU
		{E3C03C12-1DD1-4C38-975D-5803763896F3}.Release|Any CPU.Build.0 = Release|Any CPU
		{E3C03C12-1DD1-4C38-975D-5803763896F3}.Release|x64.ActiveCfg = Release|Any CPU
		{E3C03C12-1DD1-4C38-975D-5803763896F3}.Release|x64.Build.0 = Release|Any CPU
		{E3C03C12-1DD1-4C38-975D-5803763896F3}.Release|x86.ActiveCfg = Release|Any CPU
		{E3C03C12-1DD1-4C38-975D-5803763896F3}.Release|x86.Build.0 = Release|Any CPU
		{698DB926-A6BF-4610-BEEF-DA671F4BD8DF}.Debug|Any CPU.ActiveCfg = Debug|Any CPU
		{698DB926-A6BF-4610-BEEF-DA671F4BD8DF}.Debug|Any CPU.Build.0 = Debug|Any CPU
		{698DB926-A6BF-4610-BEEF-DA671F4BD8DF}.Debug|x64.ActiveCfg = Debug|Any CPU
		{698DB926-A6BF-4610-BEEF-DA671F4BD8DF}.Debug|x64.Build.0 = Debug|Any CPU
		{698DB926-A6BF-4610-BEEF-DA671F4BD8DF}.Debug|x86.ActiveCfg = Debug|Any CPU
		{698DB926-A6BF-4610-BEEF-DA671F4BD8DF}.Debug|x86.Build.0 = Debug|Any CPU
		{698DB926-A6BF-4610-BEEF-DA671F4BD8DF}.Release|Any CPU.ActiveCfg = Release|Any CPU
		{698DB926-A6BF-4610-BEEF-DA671F4BD8DF}.Release|Any CPU.Build.0 = Release|Any CPU
		{698DB926-A6BF-4610-BEEF-DA671F4BD8DF}.Release|x64.ActiveCfg = Release|Any CPU
		{698DB926-A6BF-4610-BEEF-DA671F4BD8DF}.Release|x64.Build.0 = Release|Any CPU
		{698DB926-A6BF-4610-BEEF-DA671F4BD8DF}.Release|x86.ActiveCfg = Release|Any CPU
		{698DB926-A6BF-4610-BEEF-DA671F4BD8DF}.Release|x86.Build.0 = Release|Any CPU
		{3D37E1A9-9658-4FD1-B5CA-BDD28F5F6C3F}.Debug|Any CPU.ActiveCfg = Debug|Any CPU
		{3D37E1A9-9658-4FD1-B5CA-BDD28F5F6C3F}.Debug|Any CPU.Build.0 = Debug|Any CPU
		{3D37E1A9-9658-4FD1-B5CA-BDD28F5F6C3F}.Debug|x64.ActiveCfg = Debug|Any CPU
		{3D37E1A9-9658-4FD1-B5CA-BDD28F5F6C3F}.Debug|x64.Build.0 = Debug|Any CPU
		{3D37E1A9-9658-4FD1-B5CA-BDD28F5F6C3F}.Debug|x86.ActiveCfg = Debug|Any CPU
		{3D37E1A9-9658-4FD1-B5CA-BDD28F5F6C3F}.Debug|x86.Build.0 = Debug|Any CPU
		{3D37E1A9-9658-4FD1-B5CA-BDD28F5F6C3F}.Release|Any CPU.ActiveCfg = Release|Any CPU
		{3D37E1A9-9658-4FD1-B5CA-BDD28F5F6C3F}.Release|Any CPU.Build.0 = Release|Any CPU
		{3D37E1A9-9658-4FD1-B5CA-BDD28F5F6C3F}.Release|x64.ActiveCfg = Release|Any CPU
		{3D37E1A9-9658-4FD1-B5CA-BDD28F5F6C3F}.Release|x64.Build.0 = Release|Any CPU
		{3D37E1A9-9658-4FD1-B5CA-BDD28F5F6C3F}.Release|x86.ActiveCfg = Release|Any CPU
		{3D37E1A9-9658-4FD1-B5CA-BDD28F5F6C3F}.Release|x86.Build.0 = Release|Any CPU
		{89182695-9C6E-4F12-8B16-2007D513002A}.Debug|Any CPU.ActiveCfg = Debug|Any CPU
		{89182695-9C6E-4F12-8B16-2007D513002A}.Debug|Any CPU.Build.0 = Debug|Any CPU
		{89182695-9C6E-4F12-8B16-2007D513002A}.Debug|x64.ActiveCfg = Debug|Any CPU
		{89182695-9C6E-4F12-8B16-2007D513002A}.Debug|x64.Build.0 = Debug|Any CPU
		{89182695-9C6E-4F12-8B16-2007D513002A}.Debug|x86.ActiveCfg = Debug|Any CPU
		{89182695-9C6E-4F12-8B16-2007D513002A}.Debug|x86.Build.0 = Debug|Any CPU
		{89182695-9C6E-4F12-8B16-2007D513002A}.Release|Any CPU.ActiveCfg = Release|Any CPU
		{89182695-9C6E-4F12-8B16-2007D513002A}.Release|Any CPU.Build.0 = Release|Any CPU
		{89182695-9C6E-4F12-8B16-2007D513002A}.Release|x64.ActiveCfg = Release|Any CPU
		{89182695-9C6E-4F12-8B16-2007D513002A}.Release|x64.Build.0 = Release|Any CPU
		{89182695-9C6E-4F12-8B16-2007D513002A}.Release|x86.ActiveCfg = Release|Any CPU
		{89182695-9C6E-4F12-8B16-2007D513002A}.Release|x86.Build.0 = Release|Any CPU
	EndGlobalSection
	GlobalSection(SolutionProperties) = preSolution
		HideSolutionNode = FALSE
	EndGlobalSection
	GlobalSection(ExtensibilityGlobals) = postSolution
		SolutionGuid = {6C48CC6F-F87E-4CE1-8D4D-D47D8678B878}
	EndGlobalSection
EndGlobal
